// !$*UTF8*$!
{
	archiveVersion = 1;
	classes = {
	};
	objectVersion = 56;
	objects = {

/* Begin PBXBuildFile section */
		8910A570299E0F9A00D2F99D /* AppDelegate.swift in Sources */ = {isa = PBXBuildFile; fileRef = 8910A56F299E0F9A00D2F99D /* AppDelegate.swift */; };
		8910A572299E0F9A00D2F99D /* SceneDelegate.swift in Sources */ = {isa = PBXBuildFile; fileRef = 8910A571299E0F9A00D2F99D /* SceneDelegate.swift */; };
		8910A574299E0F9A00D2F99D /* SearchViewController.swift in Sources */ = {isa = PBXBuildFile; fileRef = 8910A573299E0F9A00D2F99D /* SearchViewController.swift */; };
		8910A577299E0F9A00D2F99D /* Main.storyboard in Resources */ = {isa = PBXBuildFile; fileRef = 8910A575299E0F9A00D2F99D /* Main.storyboard */; };
		8910A579299E0F9B00D2F99D /* Assets.xcassets in Resources */ = {isa = PBXBuildFile; fileRef = 8910A578299E0F9B00D2F99D /* Assets.xcassets */; };
		8910A57C299E0F9B00D2F99D /* LaunchScreen.storyboard in Resources */ = {isa = PBXBuildFile; fileRef = 8910A57A299E0F9B00D2F99D /* LaunchScreen.storyboard */; };
		8910A588299E1CEA00D2F99D /* NetworkManager.swift in Sources */ = {isa = PBXBuildFile; fileRef = 8910A587299E1CEA00D2F99D /* NetworkManager.swift */; };
		8910A58A299E1CFC00D2F99D /* SearchRepoResponse.swift in Sources */ = {isa = PBXBuildFile; fileRef = 8910A589299E1CFC00D2F99D /* SearchRepoResponse.swift */; };
		8910A58C299E1D1600D2F99D /* RepoModel.swift in Sources */ = {isa = PBXBuildFile; fileRef = 8910A58B299E1D1600D2F99D /* RepoModel.swift */; };
		8910A58E299F077600D2F99D /* SearchViewModel.swift in Sources */ = {isa = PBXBuildFile; fileRef = 8910A58D299F077600D2F99D /* SearchViewModel.swift */; };
		8910A590299F079700D2F99D /* ResultTableViewCell.swift in Sources */ = {isa = PBXBuildFile; fileRef = 8910A58F299F079700D2F99D /* ResultTableViewCell.swift */; };
		8910A592299F07AD00D2F99D /* ReuseableCell.swift in Sources */ = {isa = PBXBuildFile; fileRef = 8910A591299F07AD00D2F99D /* ReuseableCell.swift */; };
/* End PBXBuildFile section */

/* Begin PBXFileReference section */
		8910A56C299E0F9A00D2F99D /* SearchGithubRepo.app */ = {isa = PBXFileReference; explicitFileType = wrapper.application; includeInIndex = 0; path = SearchGithubRepo.app; sourceTree = BUILT_PRODUCTS_DIR; };
		8910A56F299E0F9A00D2F99D /* AppDelegate.swift */ = {isa = PBXFileReference; lastKnownFileType = sourcecode.swift; path = AppDelegate.swift; sourceTree = "<group>"; };
		8910A571299E0F9A00D2F99D /* SceneDelegate.swift */ = {isa = PBXFileReference; lastKnownFileType = sourcecode.swift; path = SceneDelegate.swift; sourceTree = "<group>"; };
		8910A573299E0F9A00D2F99D /* SearchViewController.swift */ = {isa = PBXFileReference; lastKnownFileType = sourcecode.swift; path = SearchViewController.swift; sourceTree = "<group>"; };
		8910A576299E0F9A00D2F99D /* Base */ = {isa = PBXFileReference; lastKnownFileType = file.storyboard; name = Base; path = Base.lproj/Main.storyboard; sourceTree = "<group>"; };
		8910A578299E0F9B00D2F99D /* Assets.xcassets */ = {isa = PBXFileReference; lastKnownFileType = folder.assetcatalog; path = Assets.xcassets; sourceTree = "<group>"; };
		8910A57B299E0F9B00D2F99D /* Base */ = {isa = PBXFileReference; lastKnownFileType = file.storyboard; name = Base; path = Base.lproj/LaunchScreen.storyboard; sourceTree = "<group>"; };
		8910A57D299E0F9B00D2F99D /* Info.plist */ = {isa = PBXFileReference; lastKnownFileType = text.plist.xml; path = Info.plist; sourceTree = "<group>"; };
		8910A587299E1CEA00D2F99D /* NetworkManager.swift */ = {isa = PBXFileReference; lastKnownFileType = sourcecode.swift; path = NetworkManager.swift; sourceTree = "<group>"; };
		8910A589299E1CFC00D2F99D /* SearchRepoResponse.swift */ = {isa = PBXFileReference; lastKnownFileType = sourcecode.swift; path = SearchRepoResponse.swift; sourceTree = "<group>"; };
		8910A58B299E1D1600D2F99D /* RepoModel.swift */ = {isa = PBXFileReference; lastKnownFileType = sourcecode.swift; path = RepoModel.swift; sourceTree = "<group>"; };
		8910A58D299F077600D2F99D /* SearchViewModel.swift */ = {isa = PBXFileReference; lastKnownFileType = sourcecode.swift; path = SearchViewModel.swift; sourceTree = "<group>"; };
		8910A58F299F079700D2F99D /* ResultTableViewCell.swift */ = {isa = PBXFileReference; lastKnownFileType = sourcecode.swift; path = ResultTableViewCell.swift; sourceTree = "<group>"; };
		8910A591299F07AD00D2F99D /* ReuseableCell.swift */ = {isa = PBXFileReference; lastKnownFileType = sourcecode.swift; path = ReuseableCell.swift; sourceTree = "<group>"; };
/* End PBXFileReference section */

/* Begin PBXFrameworksBuildPhase section */
		8910A569299E0F9A00D2F99D /* Frameworks */ = {
			isa = PBXFrameworksBuildPhase;
			buildActionMask = 2147483647;
			files = (
			);
			runOnlyForDeploymentPostprocessing = 0;
		};
/* End PBXFrameworksBuildPhase section */

/* Begin PBXGroup section */
		8910A563299E0F9A00D2F99D = {
			isa = PBXGroup;
			children = (
				8910A56E299E0F9A00D2F99D /* SearchGithubRepo */,
				8910A56D299E0F9A00D2F99D /* Products */,
			);
			sourceTree = "<group>";
		};
		8910A56D299E0F9A00D2F99D /* Products */ = {
			isa = PBXGroup;
			children = (
				8910A56C299E0F9A00D2F99D /* SearchGithubRepo.app */,
			);
			name = Products;
			sourceTree = "<group>";
		};
		8910A56E299E0F9A00D2F99D /* SearchGithubRepo */ = {
			isa = PBXGroup;
			children = (
				8910A56F299E0F9A00D2F99D /* AppDelegate.swift */,
				8910A571299E0F9A00D2F99D /* SceneDelegate.swift */,
				8910A583299E170700D2F99D /* StoryBoard */,
				8910A584299E172600D2F99D /* Controller */,
				8910A585299E1CB200D2F99D /* Model */,
				8910A586299E1CC000D2F99D /* ServiceLayer */,
				8910A578299E0F9B00D2F99D /* Assets.xcassets */,
				8910A57A299E0F9B00D2F99D /* LaunchScreen.storyboard */,
				8910A57D299E0F9B00D2F99D /* Info.plist */,
			);
			path = SearchGithubRepo;
			sourceTree = "<group>";
		};
		8910A583299E170700D2F99D /* StoryBoard */ = {
			isa = PBXGroup;
			children = (
				8910A575299E0F9A00D2F99D /* Main.storyboard */,
			);
			path = StoryBoard;
			sourceTree = "<group>";
		};
		8910A584299E172600D2F99D /* Controller */ = {
			isa = PBXGroup;
			children = (
				8910A573299E0F9A00D2F99D /* SearchViewController.swift */,
				8910A58D299F077600D2F99D /* SearchViewModel.swift */,
			);
			path = Controller;
			sourceTree = "<group>";
		};
		8910A585299E1CB200D2F99D /* Model */ = {
			isa = PBXGroup;
			children = (
				8910A58B299E1D1600D2F99D /* RepoModel.swift */,
				8910A58F299F079700D2F99D /* ResultTableViewCell.swift */,
				8910A591299F07AD00D2F99D /* ReuseableCell.swift */,
			);
			path = Model;
			sourceTree = "<group>";
		};
		8910A586299E1CC000D2F99D /* ServiceLayer */ = {
			isa = PBXGroup;
			children = (
				8910A587299E1CEA00D2F99D /* NetworkManager.swift */,
				8910A589299E1CFC00D2F99D /* SearchRepoResponse.swift */,
			);
			path = ServiceLayer;
			sourceTree = "<group>";
		};
/* End PBXGroup section */

/* Begin PBXNativeTarget section */
		8910A56B299E0F9A00D2F99D /* SearchGithubRepo */ = {
			isa = PBXNativeTarget;
			buildConfigurationList = 8910A580299E0F9B00D2F99D /* Build configuration list for PBXNativeTarget "SearchGithubRepo" */;
			buildPhases = (
				8910A568299E0F9A00D2F99D /* Sources */,
				8910A569299E0F9A00D2F99D /* Frameworks */,
				8910A56A299E0F9A00D2F99D /* Resources */,
			);
			buildRules = (
			);
			dependencies = (
			);
			name = SearchGithubRepo;
			productName = SearchGithubRepo;
			productReference = 8910A56C299E0F9A00D2F99D /* SearchGithubRepo.app */;
			productType = "com.apple.product-type.application";
		};
/* End PBXNativeTarget section */

/* Begin PBXProject section */
		8910A564299E0F9A00D2F99D /* Project object */ = {
			isa = PBXProject;
			attributes = {
				BuildIndependentTargetsInParallel = 1;
				LastSwiftUpdateCheck = 1410;
				LastUpgradeCheck = 1410;
				TargetAttributes = {
					8910A56B299E0F9A00D2F99D = {
						CreatedOnToolsVersion = 14.1;
					};
				};
			};
			buildConfigurationList = 8910A567299E0F9A00D2F99D /* Build configuration list for PBXProject "SearchGithubRepo" */;
			compatibilityVersion = "Xcode 14.0";
			developmentRegion = en;
			hasScannedForEncodings = 0;
			knownRegions = (
				en,
				Base,
			);
			mainGroup = 8910A563299E0F9A00D2F99D;
			productRefGroup = 8910A56D299E0F9A00D2F99D /* Products */;
			projectDirPath = "";
			projectRoot = "";
			targets = (
				8910A56B299E0F9A00D2F99D /* SearchGithubRepo */,
			);
		};
/* End PBXProject section */

/* Begin PBXResourcesBuildPhase section */
		8910A56A299E0F9A00D2F99D /* Resources */ = {
			isa = PBXResourcesBuildPhase;
			buildActionMask = 2147483647;
			files = (
				8910A57C299E0F9B00D2F99D /* LaunchScreen.storyboard in Resources */,
				8910A579299E0F9B00D2F99D /* Assets.xcassets in Resources */,
				8910A577299E0F9A00D2F99D /* Main.storyboard in Resources */,
			);
			runOnlyForDeploymentPostprocessing = 0;
		};
/* End PBXResourcesBuildPhase section */

/* Begin PBXSourcesBuildPhase section */
		8910A568299E0F9A00D2F99D /* Sources */ = {
			isa = PBXSourcesBuildPhase;
			buildActionMask = 2147483647;
			files = (
				8910A588299E1CEA00D2F99D /* NetworkManager.swift in Sources */,
				8910A58E299F077600D2F99D /* SearchViewModel.swift in Sources */,
				8910A574299E0F9A00D2F99D /* SearchViewController.swift in Sources */,
				8910A58A299E1CFC00D2F99D /* SearchRepoResponse.swift in Sources */,
				8910A592299F07AD00D2F99D /* ReuseableCell.swift in Sources */,
				8910A570299E0F9A00D2F99D /* AppDelegate.swift in Sources */,
				8910A572299E0F9A00D2F99D /* SceneDelegate.swift in Sources */,
				8910A590299F079700D2F99D /* ResultTableViewCell.swift in Sources */,
				8910A58C299E1D1600D2F99D /* RepoModel.swift in Sources */,
			);
			runOnlyForDeploymentPostprocessing = 0;
		};
/* End PBXSourcesBuildPhase section */

/* Begin PBXVariantGroup section */
		8910A575299E0F9A00D2F99D /* Main.storyboard */ = {
			isa = PBXVariantGroup;
			children = (
				8910A576299E0F9A00D2F99D /* Base */,
			);
			name = Main.storyboard;
			sourceTree = "<group>";
		};
		8910A57A299E0F9B00D2F99D /* LaunchScreen.storyboard */ = {
			isa = PBXVariantGroup;
			children = (
				8910A57B299E0F9B00D2F99D /* Base */,
			);
			name = LaunchScreen.storyboard;
			sourceTree = "<group>";
		};
/* End PBXVariantGroup section */

/* Begin XCBuildConfiguration section */
		8910A57E299E0F9B00D2F99D /* Debug */ = {
			isa = XCBuildConfiguration;
			buildSettings = {
				ALWAYS_SEARCH_USER_PATHS = NO;
				CLANG_ANALYZER_NONNULL = YES;
				CLANG_ANALYZER_NUMBER_OBJECT_CONVERSION = YES_AGGRESSIVE;
				CLANG_CXX_LANGUAGE_STANDARD = "gnu++20";
				CLANG_ENABLE_MODULES = YES;
				CLANG_ENABLE_OBJC_ARC = YES;
				CLANG_ENABLE_OBJC_WEAK = YES;
				CLANG_WARN_BLOCK_CAPTURE_AUTORELEASING = YES;
				CLANG_WARN_BOOL_CONVERSION = YES;
				CLANG_WARN_COMMA = YES;
				CLANG_WARN_CONSTANT_CONVERSION = YES;
				CLANG_WARN_DEPRECATED_OBJC_IMPLEMENTATIONS = YES;
				CLANG_WARN_DIRECT_OBJC_ISA_USAGE = YES_ERROR;
				CLANG_WARN_DOCUMENTATION_COMMENTS = YES;
				CLANG_WARN_EMPTY_BODY = YES;
				CLANG_WARN_ENUM_CONVERSION = YES;
				CLANG_WARN_INFINITE_RECURSION = YES;
				CLANG_WARN_INT_CONVERSION = YES;
				CLANG_WARN_NON_LITERAL_NULL_CONVERSION = YES;
				CLANG_WARN_OBJC_IMPLICIT_RETAIN_SELF = YES;
				CLANG_WARN_OBJC_LITERAL_CONVERSION = YES;
				CLANG_WARN_OBJC_ROOT_CLASS = YES_ERROR;
				CLANG_WARN_QUOTED_INCLUDE_IN_FRAMEWORK_HEADER = YES;
				CLANG_WARN_RANGE_LOOP_ANALYSIS = YES;
				CLANG_WARN_STRICT_PROTOTYPES = YES;
				CLANG_WARN_SUSPICIOUS_MOVE = YES;
				CLANG_WARN_UNGUARDED_AVAILABILITY = YES_AGGRESSIVE;
				CLANG_WARN_UNREACHABLE_CODE = YES;
				CLANG_WARN__DUPLICATE_METHOD_MATCH = YES;
				COPY_PHASE_STRIP = NO;
				DEBUG_INFORMATION_FORMAT = dwarf;
				ENABLE_STRICT_OBJC_MSGSEND = YES;
				ENABLE_TESTABILITY = YES;
				GCC_C_LANGUAGE_STANDARD = gnu11;
				GCC_DYNAMIC_NO_PIC = NO;
				GCC_NO_COMMON_BLOCKS = YES;
				GCC_OPTIMIZATION_LEVEL = 0;
				GCC_PREPROCESSOR_DEFINITIONS = (
					"DEBUG=1",
					"$(inherited)",
				);
				GCC_WARN_64_TO_32_BIT_CONVERSION = YES;
				GCC_WARN_ABOUT_RETURN_TYPE = YES_ERROR;
				GCC_WARN_UNDECLARED_SELECTOR = YES;
				GCC_WARN_UNINITIALIZED_AUTOS = YES_AGGRESSIVE;
				GCC_WARN_UNUSED_FUNCTION = YES;
				GCC_WARN_UNUSED_VARIABLE = YES;
				IPHONEOS_DEPLOYMENT_TARGET = 13.1;
				MTL_ENABLE_DEBUG_INFO = INCLUDE_SOURCE;
				MTL_FAST_MATH = YES;
				ONLY_ACTIVE_ARCH = YES;
				SDKROOT = iphoneos;
				SWIFT_ACTIVE_COMPILATION_CONDITIONS = DEBUG;
				SWIFT_OPTIMIZATION_LEVEL = "-Onone";
			};
			name = Debug;
		};
		8910A57F299E0F9B00D2F99D /* Release */ = {
			isa = XCBuildConfiguration;
			buildSettings = {
				ALWAYS_SEARCH_USER_PATHS = NO;
				CLANG_ANALYZER_NONNULL = YES;
				CLANG_ANALYZER_NUMBER_OBJECT_CONVERSION = YES_AGGRESSIVE;
				CLANG_CXX_LANGUAGE_STANDARD = "gnu++20";
				CLANG_ENABLE_MODULES = YES;
				CLANG_ENABLE_OBJC_ARC = YES;
				CLANG_ENABLE_OBJC_WEAK = YES;
				CLANG_WARN_BLOCK_CAPTURE_AUTORELEASING = YES;
				CLANG_WARN_BOOL_CONVERSION = YES;
				CLANG_WARN_COMMA = YES;
				CLANG_WARN_CONSTANT_CONVERSION = YES;
				CLANG_WARN_DEPRECATED_OBJC_IMPLEMENTATIONS = YES;
				CLANG_WARN_DIRECT_OBJC_ISA_USAGE = YES_ERROR;
				CLANG_WARN_DOCUMENTATION_COMMENTS = YES;
				CLANG_WARN_EMPTY_BODY = YES;
				CLANG_WARN_ENUM_CONVERSION = YES;
				CLANG_WARN_INFINITE_RECURSION = YES;
				CLANG_WARN_INT_CONVERSION = YES;
				CLANG_WARN_NON_LITERAL_NULL_CONVERSION = YES;
				CLANG_WARN_OBJC_IMPLICIT_RETAIN_SELF = YES;
				CLANG_WARN_OBJC_LITERAL_CONVERSION = YES;
				CLANG_WARN_OBJC_ROOT_CLASS = YES_ERROR;
				CLANG_WARN_QUOTED_INCLUDE_IN_FRAMEWORK_HEADER = YES;
				CLANG_WARN_RANGE_LOOP_ANALYSIS = YES;
				CLANG_WARN_STRICT_PROTOTYPES = YES;
				CLANG_WARN_SUSPICIOUS_MOVE = YES;
				CLANG_WARN_UNGUARDED_AVAILABILITY = YES_AGGRESSIVE;
				CLANG_WARN_UNREACHABLE_CODE = YES;
				CLANG_WARN__DUPLICATE_METHOD_MATCH = YES;
				COPY_PHASE_STRIP = NO;
				DEBUG_INFORMATION_FORMAT = "dwarf-with-dsym";
				ENABLE_NS_ASSERTIONS = NO;
				ENABLE_STRICT_OBJC_MSGSEND = YES;
				GCC_C_LANGUAGE_STANDARD = gnu11;
				GCC_NO_COMMON_BLOCKS = YES;
				GCC_WARN_64_TO_32_BIT_CONVERSION = YES;
				GCC_WARN_ABOUT_RETURN_TYPE = YES_ERROR;
				GCC_WARN_UNDECLARED_SELECTOR = YES;
				GCC_WARN_UNINITIALIZED_AUTOS = YES_AGGRESSIVE;
				GCC_WARN_UNUSED_FUNCTION = YES;
				GCC_WARN_UNUSED_VARIABLE = YES;
				IPHONEOS_DEPLOYMENT_TARGET = 13.1;
				MTL_ENABLE_DEBUG_INFO = NO;
				MTL_FAST_MATH = YES;
				SDKROOT = iphoneos;
				SWIFT_COMPILATION_MODE = wholemodule;
				SWIFT_OPTIMIZATION_LEVEL = "-O";
				VALIDATE_PRODUCT = YES;
			};
			name = Release;
		};
		8910A581299E0F9B00D2F99D /* Debug */ = {
			isa = XCBuildConfiguration;
			buildSettings = {
				ASSETCATALOG_COMPILER_APPICON_NAME = AppIcon;
				ASSETCATALOG_COMPILER_GLOBAL_ACCENT_COLOR_NAME = AccentColor;
				CODE_SIGN_STYLE = Automatic;
				CURRENT_PROJECT_VERSION = 6;
				GENERATE_INFOPLIST_FILE = YES;
				INFOPLIST_FILE = SearchGithubRepo/Info.plist;
				INFOPLIST_KEY_UIApplicationSupportsIndirectInputEvents = YES;
				INFOPLIST_KEY_UILaunchStoryboardName = LaunchScreen;
				INFOPLIST_KEY_UIMainStoryboardFile = Main;
				INFOPLIST_KEY_UISupportedInterfaceOrientations = UIInterfaceOrientationPortrait;
				INFOPLIST_KEY_UISupportedInterfaceOrientations_iPad = "UIInterfaceOrientationPortrait UIInterfaceOrientationPortraitUpsideDown";
				IPHONEOS_DEPLOYMENT_TARGET = 13.1;
				LD_RUNPATH_SEARCH_PATHS = (
					"$(inherited)",
					"@executable_path/Frameworks",
				);
				MARKETING_VERSION = 1.0.0;
				PRODUCT_BUNDLE_IDENTIFIER = com.LEE.SearchGithubRepo;
				PRODUCT_NAME = "$(TARGET_NAME)";
				SWIFT_EMIT_LOC_STRINGS = YES;
				SWIFT_VERSION = 5.0;
				TARGETED_DEVICE_FAMILY = "1,2";
			};
			name = Debug;
		};
		8910A582299E0F9B00D2F99D /* Release */ = {
			isa = XCBuildConfiguration;
			buildSettings = {
				ASSETCATALOG_COMPILER_APPICON_NAME = AppIcon;
				ASSETCATALOG_COMPILER_GLOBAL_ACCENT_COLOR_NAME = AccentColor;
				CODE_SIGN_STYLE = Automatic;
				CURRENT_PROJECT_VERSION = 6;
				GENERATE_INFOPLIST_FILE = YES;
				INFOPLIST_FILE = SearchGithubRepo/Info.plist;
				INFOPLIST_KEY_UIApplicationSupportsIndirectInputEvents = YES;
				INFOPLIST_KEY_UILaunchStoryboardName = LaunchScreen;
				INFOPLIST_KEY_UIMainStoryboardFile = Main;
				INFOPLIST_KEY_UISupportedInterfaceOrientations = UIInterfaceOrientationPortrait;
				INFOPLIST_KEY_UISupportedInterfaceOrientations_iPad = "UIInterfaceOrientationPortrait UIInterfaceOrientationPortraitUpsideDown";
				IPHONEOS_DEPLOYMENT_TARGET = 13.1;
				LD_RUNPATH_SEARCH_PATHS = (
					"$(inherited)",
					"@executable_path/Frameworks",
				);
				MARKETING_VERSION = 1.0.0;
				PRODUCT_BUNDLE_IDENTIFIER = com.LEE.SearchGithubRepo;
				PRODUCT_NAME = "$(TARGET_NAME)";
				SWIFT_EMIT_LOC_STRINGS = YES;
				SWIFT_VERSION = 5.0;
				TARGETED_DEVICE_FAMILY = "1,2";
			};
			name = Release;
		};
/* End XCBuildConfiguration section */

/* Begin XCConfigurationList section */
		8910A567299E0F9A00D2F99D /* Build configuration list for PBXProject "SearchGithubRepo" */ = {
			isa = XCConfigurationList;
			buildConfigurations = (
				8910A57E299E0F9B00D2F99D /* Debug */,
				8910A57F299E0F9B00D2F99D /* Release */,
			);
			defaultConfigurationIsVisible = 0;
			defaultConfigurationName = Release;
		};
		8910A580299E0F9B00D2F99D /* Build configuration list for PBXNativeTarget "SearchGithubRepo" */ = {
			isa = XCConfigurationList;
			buildConfigurations = (
				8910A581299E0F9B00D2F99D /* Debug */,
				8910A582299E0F9B00D2F99D /* Release */,
			);
			defaultConfigurationIsVisible = 0;
			defaultConfigurationName = Release;
		};
/* End XCConfigurationList section */
	};
	rootObject = 8910A564299E0F9A00D2F99D /* Project object */;
}
